// !$*UTF8*$!
{
	archiveVersion = 1;
	classes = {
	};
	objectVersion = 46;
	objects = {

/* Begin PBXBuildFile section */
		A245BDC6147C712800A43A41 /* NoteViewController.m in Sources */ = {isa = PBXBuildFile; fileRef = A245BDC5147C712800A43A41 /* NoteViewController.m */; };
		A2B664B114772AAF00BDB76B /* MessageUI.framework in Frameworks */ = {isa = PBXBuildFile; fileRef = A2B664B014772AAF00BDB76B /* MessageUI.framework */; };
		A2F117F514707AC500689A7E /* UIKit.framework in Frameworks */ = {isa = PBXBuildFile; fileRef = A2F117F414707AC500689A7E /* UIKit.framework */; };
		A2F117F714707AC500689A7E /* Foundation.framework in Frameworks */ = {isa = PBXBuildFile; fileRef = A2F117F614707AC500689A7E /* Foundation.framework */; };
		A2F117F914707AC500689A7E /* CoreGraphics.framework in Frameworks */ = {isa = PBXBuildFile; fileRef = A2F117F814707AC500689A7E /* CoreGraphics.framework */; };
		A2F117FF14707AC500689A7E /* InfoPlist.strings in Resources */ = {isa = PBXBuildFile; fileRef = A2F117FD14707AC500689A7E /* InfoPlist.strings */; };
		A2F1180114707AC500689A7E /* main.m in Sources */ = {isa = PBXBuildFile; fileRef = A2F1180014707AC500689A7E /* main.m */; };
		A2F1180514707AC500689A7E /* WorkBenchAppDelegate.m in Sources */ = {isa = PBXBuildFile; fileRef = A2F1180414707AC500689A7E /* WorkBenchAppDelegate.m */; };
		A2F1180814707AC500689A7E /* MainStoryboard.storyboard in Resources */ = {isa = PBXBuildFile; fileRef = A2F1180614707AC500689A7E /* MainStoryboard.storyboard */; };
		A2F1180B14707AC600689A7E /* WorkBenchMasterViewController.m in Sources */ = {isa = PBXBuildFile; fileRef = A2F1180A14707AC600689A7E /* WorkBenchMasterViewController.m */; };
		A2F1180E14707AC600689A7E /* WorkBenchDetailViewController.m in Sources */ = {isa = PBXBuildFile; fileRef = A2F1180D14707AC600689A7E /* WorkBenchDetailViewController.m */; };
		A2F1182A147170FF00689A7E /* Images.plist in Resources */ = {isa = PBXBuildFile; fileRef = A2F11829147170FF00689A7E /* Images.plist */; };
		A2F118371471903E00689A7E /* ImageViewForScroller.m in Sources */ = {isa = PBXBuildFile; fileRef = A2F118361471903E00689A7E /* ImageViewForScroller.m */; };
		E83EAE3E14940AC40092A04D /* areca palm.png in Resources */ = {isa = PBXBuildFile; fileRef = E83EAE2E14940AC40092A04D /* areca palm.png */; };
		E83EAE3F14940AC40092A04D /* chineese evergreen.png in Resources */ = {isa = PBXBuildFile; fileRef = E83EAE2F14940AC40092A04D /* chineese evergreen.png */; };
		E83EAE4014940AC40092A04D /* croton.png in Resources */ = {isa = PBXBuildFile; fileRef = E83EAE3014940AC40092A04D /* croton.png */; };
		E83EAE4114940AC40092A04D /* dracaena janet craig.png in Resources */ = {isa = PBXBuildFile; fileRef = E83EAE3114940AC40092A04D /* dracaena janet craig.png */; };
		E83EAE4214940AC40092A04D /* dracaena marginita.png in Resources */ = {isa = PBXBuildFile; fileRef = E83EAE3214940AC40092A04D /* dracaena marginita.png */; };
		E83EAE4314940AC40092A04D /* dracena warneckii.png in Resources */ = {isa = PBXBuildFile; fileRef = E83EAE3314940AC40092A04D /* dracena warneckii.png */; };
		E83EAE4414940AC40092A04D /* dumb cane.png in Resources */ = {isa = PBXBuildFile; fileRef = E83EAE3414940AC40092A04D /* dumb cane.png */; };
		E83EAE4514940AC40092A04D /* English-Ivy.png in Resources */ = {isa = PBXBuildFile; fileRef = E83EAE3514940AC40092A04D /* English-Ivy.png */; };
		E83EAE4614940AC40092A04D /* golden pothos.png in Resources */ = {isa = PBXBuildFile; fileRef = E83EAE3614940AC40092A04D /* golden pothos.png */; };
		E83EAE4714940AC40092A04D /* heartleaf philodendron.png in Resources */ = {isa = PBXBuildFile; fileRef = E83EAE3714940AC40092A04D /* heartleaf philodendron.png */; };
		E83EAE4814940AC40092A04D /* lady palm.png in Resources */ = {isa = PBXBuildFile; fileRef = E83EAE3814940AC40092A04D /* lady palm.png */; };
		E83EAE4914940AC40092A04D /* peace lily.png in Resources */ = {isa = PBXBuildFile; fileRef = E83EAE3914940AC40092A04D /* peace lily.png */; };
		E83EAE4A14940AC40092A04D /* peacock plant.png in Resources */ = {isa = PBXBuildFile; fileRef = E83EAE3A14940AC40092A04D /* peacock plant.png */; };
		E83EAE4B14940AC40092A04D /* prayer plant.png in Resources */ = {isa = PBXBuildFile; fileRef = E83EAE3B14940AC40092A04D /* prayer plant.png */; };
		E83EAE4C14940AC40092A04D /* snake plant.png in Resources */ = {isa = PBXBuildFile; fileRef = E83EAE3C14940AC40092A04D /* snake plant.png */; };
		E83EAE4D14940AC40092A04D /* spider plant.png in Resources */ = {isa = PBXBuildFile; fileRef = E83EAE3D14940AC40092A04D /* spider plant.png */; };
		E870C9401475678C0072D2E5 /* ThumbImageView.m in Sources */ = {isa = PBXBuildFile; fileRef = E870C93F1475678C0072D2E5 /* ThumbImageView.m */; };
		E8887A4D148408C200180CC7 /* Default-Landscape.png in Resources */ = {isa = PBXBuildFile; fileRef = E8887A4C148408C200180CC7 /* Default-Landscape.png */; };
		E8887A4F148408D700180CC7 /* Icon-72.png in Resources */ = {isa = PBXBuildFile; fileRef = E8887A4E148408D700180CC7 /* Icon-72.png */; };
		E8ECD38E14A12AE9001C8655 /* 2x2 mod.png in Resources */ = {isa = PBXBuildFile; fileRef = E8ECD38C14A12AE9001C8655 /* 2x2 mod.png */; };
		E8ECD38F14A12AE9001C8655 /* 2x4 mod.png in Resources */ = {isa = PBXBuildFile; fileRef = E8ECD38D14A12AE9001C8655 /* 2x4 mod.png */; };
		E8ECD39114A12B3D001C8655 /* Vertigrow.png in Resources */ = {isa = PBXBuildFile; fileRef = E8ECD39014A12B3D001C8655 /* Vertigrow.png */; };
/* End PBXBuildFile section */

/* Begin PBXFileReference section */
		A245BDC4147C712800A43A41 /* NoteViewController.h */ = {isa = PBXFileReference; fileEncoding = 4; lastKnownFileType = sourcecode.c.h; path = NoteViewController.h; sourceTree = "<group>"; };
		A245BDC5147C712800A43A41 /* NoteViewController.m */ = {isa = PBXFileReference; fileEncoding = 4; lastKnownFileType = sourcecode.c.objc; path = NoteViewController.m; sourceTree = "<group>"; };
		A2B664B014772AAF00BDB76B /* MessageUI.framework */ = {isa = PBXFileReference; lastKnownFileType = wrapper.framework; name = MessageUI.framework; path = System/Library/Frameworks/MessageUI.framework; sourceTree = SDKROOT; };
		A2F117F014707AC500689A7E /* Vertigrow.app */ = {isa = PBXFileReference; explicitFileType = wrapper.application; includeInIndex = 0; path = Vertigrow.app; sourceTree = BUILT_PRODUCTS_DIR; };
		A2F117F414707AC500689A7E /* UIKit.framework */ = {isa = PBXFileReference; lastKnownFileType = wrapper.framework; name = UIKit.framework; path = System/Library/Frameworks/UIKit.framework; sourceTree = SDKROOT; };
		A2F117F614707AC500689A7E /* Foundation.framework */ = {isa = PBXFileReference; lastKnownFileType = wrapper.framework; name = Foundation.framework; path = System/Library/Frameworks/Foundation.framework; sourceTree = SDKROOT; };
		A2F117F814707AC500689A7E /* CoreGraphics.framework */ = {isa = PBXFileReference; lastKnownFileType = wrapper.framework; name = CoreGraphics.framework; path = System/Library/Frameworks/CoreGraphics.framework; sourceTree = SDKROOT; };
		A2F117FC14707AC500689A7E /* Vertigrow-Info.plist */ = {isa = PBXFileReference; lastKnownFileType = text.plist; path = "Vertigrow-Info.plist"; sourceTree = "<group>"; };
		A2F117FE14707AC500689A7E /* en */ = {isa = PBXFileReference; lastKnownFileType = text.plist.strings; name = en; path = en.lproj/InfoPlist.strings; sourceTree = "<group>"; };
		A2F1180014707AC500689A7E /* main.m */ = {isa = PBXFileReference; lastKnownFileType = sourcecode.c.objc; path = main.m; sourceTree = "<group>"; };
		A2F1180214707AC500689A7E /* Vertigrow-Prefix.pch */ = {isa = PBXFileReference; lastKnownFileType = sourcecode.c.h; path = "Vertigrow-Prefix.pch"; sourceTree = "<group>"; };
		A2F1180314707AC500689A7E /* WorkBenchAppDelegate.h */ = {isa = PBXFileReference; lastKnownFileType = sourcecode.c.h; path = WorkBenchAppDelegate.h; sourceTree = "<group>"; };
		A2F1180414707AC500689A7E /* WorkBenchAppDelegate.m */ = {isa = PBXFileReference; lastKnownFileType = sourcecode.c.objc; path = WorkBenchAppDelegate.m; sourceTree = "<group>"; };
		A2F1180714707AC500689A7E /* en */ = {isa = PBXFileReference; lastKnownFileType = file.storyboard; name = en; path = en.lproj/MainStoryboard.storyboard; sourceTree = "<group>"; };
		A2F1180914707AC600689A7E /* WorkBenchMasterViewController.h */ = {isa = PBXFileReference; lastKnownFileType = sourcecode.c.h; path = WorkBenchMasterViewController.h; sourceTree = "<group>"; };
		A2F1180A14707AC600689A7E /* WorkBenchMasterViewController.m */ = {isa = PBXFileReference; lastKnownFileType = sourcecode.c.objc; path = WorkBenchMasterViewController.m; sourceTree = "<group>"; };
		A2F1180C14707AC600689A7E /* WorkBenchDetailViewController.h */ = {isa = PBXFileReference; lastKnownFileType = sourcecode.c.h; path = WorkBenchDetailViewController.h; sourceTree = "<group>"; };
		A2F1180D14707AC600689A7E /* WorkBenchDetailViewController.m */ = {isa = PBXFileReference; lastKnownFileType = sourcecode.c.objc; path = WorkBenchDetailViewController.m; sourceTree = "<group>"; };
		A2F11829147170FF00689A7E /* Images.plist */ = {isa = PBXFileReference; fileEncoding = 4; lastKnownFileType = text.plist.xml; path = Images.plist; sourceTree = "<group>"; };
		A2F118351471903E00689A7E /* ImageViewForScroller.h */ = {isa = PBXFileReference; fileEncoding = 4; lastKnownFileType = sourcecode.c.h; path = ImageViewForScroller.h; sourceTree = "<group>"; };
		A2F118361471903E00689A7E /* ImageViewForScroller.m */ = {isa = PBXFileReference; fileEncoding = 4; lastKnownFileType = sourcecode.c.objc; path = ImageViewForScroller.m; sourceTree = "<group>"; };
		E83EAE2E14940AC40092A04D /* areca palm.png */ = {isa = PBXFileReference; lastKnownFileType = image.png; path = "areca palm.png"; sourceTree = "<group>"; };
		E83EAE2F14940AC40092A04D /* chineese evergreen.png */ = {isa = PBXFileReference; lastKnownFileType = image.png; path = "chineese evergreen.png"; sourceTree = "<group>"; };
		E83EAE3014940AC40092A04D /* croton.png */ = {isa = PBXFileReference; lastKnownFileType = image.png; path = croton.png; sourceTree = "<group>"; };
		E83EAE3114940AC40092A04D /* dracaena janet craig.png */ = {isa = PBXFileReference; lastKnownFileType = image.png; path = "dracaena janet craig.png"; sourceTree = "<group>"; };
		E83EAE3214940AC40092A04D /* dracaena marginita.png */ = {isa = PBXFileReference; lastKnownFileType = image.png; path = "dracaena marginita.png"; sourceTree = "<group>"; };
		E83EAE3314940AC40092A04D /* dracena warneckii.png */ = {isa = PBXFileReference; lastKnownFileType = image.png; path = "dracena warneckii.png"; sourceTree = "<group>"; };
		E83EAE3414940AC40092A04D /* dumb cane.png */ = {isa = PBXFileReference; lastKnownFileType = image.png; path = "dumb cane.png"; sourceTree = "<group>"; };
		E83EAE3514940AC40092A04D /* English-Ivy.png */ = {isa = PBXFileReference; lastKnownFileType = image.png; path = "English-Ivy.png"; sourceTree = "<group>"; };
		E83EAE3614940AC40092A04D /* golden pothos.png */ = {isa = PBXFileReference; lastKnownFileType = image.png; path = "golden pothos.png"; sourceTree = "<group>"; };
		E83EAE3714940AC40092A04D /* heartleaf philodendron.png */ = {isa = PBXFileReference; lastKnownFileType = image.png; path = "heartleaf philodendron.png"; sourceTree = "<group>"; };
		E83EAE3814940AC40092A04D /* lady palm.png */ = {isa = PBXFileReference; lastKnownFileType = image.png; path = "lady palm.png"; sourceTree = "<group>"; };
		E83EAE3914940AC40092A04D /* peace lily.png */ = {isa = PBXFileReference; lastKnownFileType = image.png; path = "peace lily.png"; sourceTree = "<group>"; };
		E83EAE3A14940AC40092A04D /* peacock plant.png */ = {isa = PBXFileReference; lastKnownFileType = image.png; path = "peacock plant.png"; sourceTree = "<group>"; };
		E83EAE3B14940AC40092A04D /* prayer plant.png */ = {isa = PBXFileReference; lastKnownFileType = image.png; path = "prayer plant.png"; sourceTree = "<group>"; };
		E83EAE3C14940AC40092A04D /* snake plant.png */ = {isa = PBXFileReference; lastKnownFileType = image.png; path = "snake plant.png"; sourceTree = "<group>"; };
		E83EAE3D14940AC40092A04D /* spider plant.png */ = {isa = PBXFileReference; lastKnownFileType = image.png; path = "spider plant.png"; sourceTree = "<group>"; };
		E870C93E1475678C0072D2E5 /* ThumbImageView.h */ = {isa = PBXFileReference; fileEncoding = 4; lastKnownFileType = sourcecode.c.h; path = ThumbImageView.h; sourceTree = "<group>"; };
		E870C93F1475678C0072D2E5 /* ThumbImageView.m */ = {isa = PBXFileReference; fileEncoding = 4; lastKnownFileType = sourcecode.c.objc; path = ThumbImageView.m; sourceTree = "<group>"; };
		E8887A4C148408C200180CC7 /* Default-Landscape.png */ = {isa = PBXFileReference; lastKnownFileType = image.png; path = "Default-Landscape.png"; sourceTree = "<group>"; };
		E8887A4E148408D700180CC7 /* Icon-72.png */ = {isa = PBXFileReference; lastKnownFileType = image.png; path = "Icon-72.png"; sourceTree = "<group>"; };
		E8ECD38C14A12AE9001C8655 /* 2x2 mod.png */ = {isa = PBXFileReference; lastKnownFileType = image.png; path = "2x2 mod.png"; sourceTree = "<group>"; };
		E8ECD38D14A12AE9001C8655 /* 2x4 mod.png */ = {isa = PBXFileReference; lastKnownFileType = image.png; path = "2x4 mod.png"; sourceTree = "<group>"; };
		E8ECD39014A12B3D001C8655 /* Vertigrow.png */ = {isa = PBXFileReference; lastKnownFileType = image.png; path = Vertigrow.png; sourceTree = "<group>"; };
/* End PBXFileReference section */

/* Begin PBXFrameworksBuildPhase section */
		A2F117ED14707AC500689A7E /* Frameworks */ = {
			isa = PBXFrameworksBuildPhase;
			buildActionMask = 2147483647;
			files = (
				A2B664B114772AAF00BDB76B /* MessageUI.framework in Frameworks */,
				A2F117F514707AC500689A7E /* UIKit.framework in Frameworks */,
				A2F117F714707AC500689A7E /* Foundation.framework in Frameworks */,
				A2F117F914707AC500689A7E /* CoreGraphics.framework in Frameworks */,
			);
			runOnlyForDeploymentPostprocessing = 0;
		};
/* End PBXFrameworksBuildPhase section */

/* Begin PBXGroup section */
		A2F117E514707AC500689A7E = {
			isa = PBXGroup;
			children = (
				E8887A4E148408D700180CC7 /* Icon-72.png */,
				E8887A4C148408C200180CC7 /* Default-Landscape.png */,
				A2F117FA14707AC500689A7E /* Vertigrow */,
				A2F117F314707AC500689A7E /* Frameworks */,
				A2F117F114707AC500689A7E /* Products */,
			);
			sourceTree = "<group>";
		};
		A2F117F114707AC500689A7E /* Products */ = {
			isa = PBXGroup;
			children = (
				A2F117F014707AC500689A7E /* Vertigrow.app */,
			);
			name = Products;
			sourceTree = "<group>";
		};
		A2F117F314707AC500689A7E /* Frameworks */ = {
			isa = PBXGroup;
			children = (
				A2B664B014772AAF00BDB76B /* MessageUI.framework */,
				A2F117F414707AC500689A7E /* UIKit.framework */,
				A2F117F614707AC500689A7E /* Foundation.framework */,
				A2F117F814707AC500689A7E /* CoreGraphics.framework */,
			);
			name = Frameworks;
			sourceTree = "<group>";
		};
		A2F117FA14707AC500689A7E /* Vertigrow */ = {
			isa = PBXGroup;
			children = (
				E870C93E1475678C0072D2E5 /* ThumbImageView.h */,
				E870C93F1475678C0072D2E5 /* ThumbImageView.m */,
				A2F1180314707AC500689A7E /* WorkBenchAppDelegate.h */,
				A2F1180414707AC500689A7E /* WorkBenchAppDelegate.m */,
				A2F1180614707AC500689A7E /* MainStoryboard.storyboard */,
				A2F1180914707AC600689A7E /* WorkBenchMasterViewController.h */,
				A2F1180A14707AC600689A7E /* WorkBenchMasterViewController.m */,
				A2F1180C14707AC600689A7E /* WorkBenchDetailViewController.h */,
				A2F1180D14707AC600689A7E /* WorkBenchDetailViewController.m */,
				A2F118351471903E00689A7E /* ImageViewForScroller.h */,
				A2F118361471903E00689A7E /* ImageViewForScroller.m */,
				A245BDC4147C712800A43A41 /* NoteViewController.h */,
				A245BDC5147C712800A43A41 /* NoteViewController.m */,
				A2F117FB14707AC500689A7E /* Supporting Files */,
			);
			path = Vertigrow;
			sourceTree = "<group>";
		};
		A2F117FB14707AC500689A7E /* Supporting Files */ = {
			isa = PBXGroup;
			children = (
				E8887A3B148402D000180CC7 /* Thumbs */,
				A2F11829147170FF00689A7E /* Images.plist */,
				A2F117FC14707AC500689A7E /* Vertigrow-Info.plist */,
				A2F117FD14707AC500689A7E /* InfoPlist.strings */,
				A2F1180014707AC500689A7E /* main.m */,
				A2F1180214707AC500689A7E /* Vertigrow-Prefix.pch */,
			);
			name = "Supporting Files";
			sourceTree = "<group>";
		};
		E8887A3B148402D000180CC7 /* Thumbs */ = {
			isa = PBXGroup;
			children = (
				E83EAE2E14940AC40092A04D /* areca palm.png */,
				E83EAE2F14940AC40092A04D /* chineese evergreen.png */,
				E83EAE3014940AC40092A04D /* croton.png */,
				E83EAE3114940AC40092A04D /* dracaena janet craig.png */,
				E83EAE3214940AC40092A04D /* dracaena marginita.png */,
				E83EAE3314940AC40092A04D /* dracena warneckii.png */,
				E83EAE3414940AC40092A04D /* dumb cane.png */,
				E83EAE3514940AC40092A04D /* English-Ivy.png */,
				E83EAE3614940AC40092A04D /* golden pothos.png */,
				E83EAE3714940AC40092A04D /* heartleaf philodendron.png */,
				E83EAE3814940AC40092A04D /* lady palm.png */,
				E83EAE3914940AC40092A04D /* peace lily.png */,
				E83EAE3A14940AC40092A04D /* peacock plant.png */,
				E83EAE3B14940AC40092A04D /* prayer plant.png */,
				E83EAE3C14940AC40092A04D /* snake plant.png */,
				E83EAE3D14940AC40092A04D /* spider plant.png */,
				E8ECD38C14A12AE9001C8655 /* 2x2 mod.png */,
				E8ECD38D14A12AE9001C8655 /* 2x4 mod.png */,
				E8ECD39014A12B3D001C8655 /* Vertigrow.png */,
			);
			path = Thumbs;
			sourceTree = "<group>";
		};
/* End PBXGroup section */

/* Begin PBXNativeTarget section */
		A2F117EF14707AC500689A7E /* Vertigrow */ = {
			isa = PBXNativeTarget;
			buildConfigurationList = A2F1181114707AC600689A7E /* Build configuration list for PBXNativeTarget "Vertigrow" */;
			buildPhases = (
				A2F117EC14707AC500689A7E /* Sources */,
				A2F117ED14707AC500689A7E /* Frameworks */,
				A2F117EE14707AC500689A7E /* Resources */,
			);
			buildRules = (
			);
			dependencies = (
			);
			name = Vertigrow;
			productName = WorkBench;
			productReference = A2F117F014707AC500689A7E /* Vertigrow.app */;
			productType = "com.apple.product-type.application";
		};
/* End PBXNativeTarget section */

/* Begin PBXProject section */
		A2F117E714707AC500689A7E /* Project object */ = {
			isa = PBXProject;
			attributes = {
				LastUpgradeCheck = 0420;
				ORGANIZATIONNAME = uottawa;
			};
			buildConfigurationList = A2F117EA14707AC500689A7E /* Build configuration list for PBXProject "Vertigrow" */;
			compatibilityVersion = "Xcode 3.2";
			developmentRegion = English;
			hasScannedForEncodings = 0;
			knownRegions = (
				en,
			);
			mainGroup = A2F117E514707AC500689A7E;
			productRefGroup = A2F117F114707AC500689A7E /* Products */;
			projectDirPath = "";
			projectRoot = "";
			targets = (
				A2F117EF14707AC500689A7E /* Vertigrow */,
			);
		};
/* End PBXProject section */

/* Begin PBXResourcesBuildPhase section */
		A2F117EE14707AC500689A7E /* Resources */ = {
			isa = PBXResourcesBuildPhase;
			buildActionMask = 2147483647;
			files = (
				A2F117FF14707AC500689A7E /* InfoPlist.strings in Resources */,
				A2F1180814707AC500689A7E /* MainStoryboard.storyboard in Resources */,
				A2F1182A147170FF00689A7E /* Images.plist in Resources */,
				E8887A4D148408C200180CC7 /* Default-Landscape.png in Resources */,
				E8887A4F148408D700180CC7 /* Icon-72.png in Resources */,
				E83EAE3E14940AC40092A04D /* areca palm.png in Resources */,
				E83EAE3F14940AC40092A04D /* chineese evergreen.png in Resources */,
				E83EAE4014940AC40092A04D /* croton.png in Resources */,
				E83EAE4114940AC40092A04D /* dracaena janet craig.png in Resources */,
				E83EAE4214940AC40092A04D /* dracaena marginita.png in Resources */,
				E83EAE4314940AC40092A04D /* dracena warneckii.png in Resources */,
				E83EAE4414940AC40092A04D /* dumb cane.png in Resources */,
				E83EAE4514940AC40092A04D /* English-Ivy.png in Resources */,
				E83EAE4614940AC40092A04D /* golden pothos.png in Resources */,
				E83EAE4714940AC40092A04D /* heartleaf philodendron.png in Resources */,
				E83EAE4814940AC40092A04D /* lady palm.png in Resources */,
				E83EAE4914940AC40092A04D /* peace lily.png in Resources */,
				E83EAE4A14940AC40092A04D /* peacock plant.png in Resources */,
				E83EAE4B14940AC40092A04D /* prayer plant.png in Resources */,
				E83EAE4C14940AC40092A04D /* snake plant.png in Resources */,
				E83EAE4D14940AC40092A04D /* spider plant.png in Resources */,
				E8ECD38E14A12AE9001C8655 /* 2x2 mod.png in Resources */,
				E8ECD38F14A12AE9001C8655 /* 2x4 mod.png in Resources */,
				E8ECD39114A12B3D001C8655 /* Vertigrow.png in Resources */,
			);
			runOnlyForDeploymentPostprocessing = 0;
		};
/* End PBXResourcesBuildPhase section */

/* Begin PBXSourcesBuildPhase section */
		A2F117EC14707AC500689A7E /* Sources */ = {
			isa = PBXSourcesBuildPhase;
			buildActionMask = 2147483647;
			files = (
				A2F1180114707AC500689A7E /* main.m in Sources */,
				A2F1180514707AC500689A7E /* WorkBenchAppDelegate.m in Sources */,
				A2F1180B14707AC600689A7E /* WorkBenchMasterViewController.m in Sources */,
				A2F1180E14707AC600689A7E /* WorkBenchDetailViewController.m in Sources */,
				A2F118371471903E00689A7E /* ImageViewForScroller.m in Sources */,
				E870C9401475678C0072D2E5 /* ThumbImageView.m in Sources */,
				A245BDC6147C712800A43A41 /* NoteViewController.m in Sources */,
			);
			runOnlyForDeploymentPostprocessing = 0;
		};
/* End PBXSourcesBuildPhase section */

/* Begin PBXVariantGroup section */
		A2F117FD14707AC500689A7E /* InfoPlist.strings */ = {
			isa = PBXVariantGroup;
			children = (
				A2F117FE14707AC500689A7E /* en */,
			);
			name = InfoPlist.strings;
			sourceTree = "<group>";
		};
		A2F1180614707AC500689A7E /* MainStoryboard.storyboard */ = {
			isa = PBXVariantGroup;
			children = (
				A2F1180714707AC500689A7E /* en */,
			);
			name = MainStoryboard.storyboard;
			sourceTree = "<group>";
		};
/* End PBXVariantGroup section */

/* Begin XCBuildConfiguration section */
		A2F1180F14707AC600689A7E /* Debug */ = {
			isa = XCBuildConfiguration;
			buildSettings = {
				ALWAYS_SEARCH_USER_PATHS = NO;
				ARCHS = "$(ARCHS_STANDARD_32_BIT)";
				CLANG_ENABLE_OBJC_ARC = YES;
				"CODE_SIGN_IDENTITY[sdk=iphoneos*]" = "iPhone Developer";
				COPY_PHASE_STRIP = NO;
				GCC_C_LANGUAGE_STANDARD = gnu99;
				GCC_DYNAMIC_NO_PIC = NO;
				GCC_OPTIMIZATION_LEVEL = 0;
				GCC_PREPROCESSOR_DEFINITIONS = (
					"DEBUG=1",
					"$(inherited)",
				);
				GCC_SYMBOLS_PRIVATE_EXTERN = NO;
				GCC_VERSION = com.apple.compilers.llvm.clang.1_0;
				GCC_WARN_ABOUT_MISSING_PROTOTYPES = YES;
				GCC_WARN_ABOUT_RETURN_TYPE = YES;
				GCC_WARN_UNUSED_VARIABLE = YES;
				IPHONEOS_DEPLOYMENT_TARGET = 5.0;
				SDKROOT = iphoneos;
				TARGETED_DEVICE_FAMILY = 2;
			};
			name = Debug;
		};
		A2F1181014707AC600689A7E /* Release */ = {
			isa = XCBuildConfiguration;
			buildSettings = {
				ALWAYS_SEARCH_USER_PATHS = NO;
				ARCHS = "$(ARCHS_STANDARD_32_BIT)";
				CLANG_ENABLE_OBJC_ARC = YES;
				"CODE_SIGN_IDENTITY[sdk=iphoneos*]" = "iPhone Developer";
				COPY_PHASE_STRIP = YES;
				GCC_C_LANGUAGE_STANDARD = gnu99;
				GCC_VERSION = com.apple.compilers.llvm.clang.1_0;
				GCC_WARN_ABOUT_MISSING_PROTOTYPES = YES;
				GCC_WARN_ABOUT_RETURN_TYPE = YES;
				GCC_WARN_UNUSED_VARIABLE = YES;
				IPHONEOS_DEPLOYMENT_TARGET = 5.0;
				OTHER_CFLAGS = "-DNS_BLOCK_ASSERTIONS=1";
				SDKROOT = iphoneos;
				TARGETED_DEVICE_FAMILY = 2;
				VALIDATE_PRODUCT = YES;
			};
			name = Release;
		};
		A2F1181214707AC600689A7E /* Debug */ = {
			isa = XCBuildConfiguration;
			buildSettings = {
				GCC_PRECOMPILE_PREFIX_HEADER = YES;
				GCC_PREFIX_HEADER = "Vertigrow/Vertigrow-Prefix.pch";
				INFOPLIST_FILE = "Vertigrow/Vertigrow-Info.plist";
				PRODUCT_NAME = Vertigrow;
				WRAPPER_EXTENSION = app;
			};
			name = Debug;
		};
		A2F1181314707AC600689A7E /* Release */ = {
			isa = XCBuildConfiguration;
			buildSettings = {
				GCC_PRECOMPILE_PREFIX_HEADER = YES;
				GCC_PREFIX_HEADER = "Vertigrow/Vertigrow-Prefix.pch";
				INFOPLIST_FILE = "Vertigrow/Vertigrow-Info.plist";
				PRODUCT_NAME = Vertigrow;
				WRAPPER_EXTENSION = app;
			};
			name = Release;
		};
		E8659E94147569AE0021B36F /* Ad Hoc */ = {
			isa = XCBuildConfiguration;
			buildSettings = {
				ALWAYS_SEARCH_USER_PATHS = NO;
				ARCHS = "$(ARCHS_STANDARD_32_BIT)";
				CLANG_ENABLE_OBJC_ARC = YES;
				"CODE_SIGN_IDENTITY[sdk=iphoneos*]" = "iPhone Developer";
				COPY_PHASE_STRIP = YES;
				GCC_C_LANGUAGE_STANDARD = gnu99;
				GCC_VERSION = com.apple.compilers.llvm.clang.1_0;
				GCC_WARN_ABOUT_MISSING_PROTOTYPES = YES;
				GCC_WARN_ABOUT_RETURN_TYPE = YES;
				GCC_WARN_UNUSED_VARIABLE = YES;
				IPHONEOS_DEPLOYMENT_TARGET = 5.0;
				OTHER_CFLAGS = "-DNS_BLOCK_ASSERTIONS=1";
				SDKROOT = iphoneos;
				TARGETED_DEVICE_FAMILY = 2;
				VALIDATE_PRODUCT = YES;
			};
			name = "Ad Hoc";
		};
		E8659E95147569AE0021B36F /* Ad Hoc */ = {
			isa = XCBuildConfiguration;
			buildSettings = {
				"CODE_SIGN_IDENTITY[sdk=iphoneos*]" = "iPhone Distribution: Jean-Pierre Simard";
				GCC_PRECOMPILE_PREFIX_HEADER = YES;
				GCC_PREFIX_HEADER = "Vertigrow/Vertigrow-Prefix.pch";
				INFOPLIST_FILE = "Vertigrow/Vertigrow-Info.plist";
				PRODUCT_NAME = Vertigrow;
				"PROVISIONING_PROFILE[sdk=iphoneos*]" = "27E6D53D-4B92-4853-88EF-E31BA5EC2D0D";
				WRAPPER_EXTENSION = app;
			};
			name = "Ad Hoc";
		};
/* End XCBuildConfiguration section */

/* Begin XCConfigurationList section */
		A2F117EA14707AC500689A7E /* Build configuration list for PBXProject "Vertigrow" */ = {
			isa = XCConfigurationList;
			buildConfigurations = (
				A2F1180F14707AC600689A7E /* Debug */,
				A2F1181014707AC600689A7E /* Release */,
				E8659E94147569AE0021B36F /* Ad Hoc */,
			);
			defaultConfigurationIsVisible = 0;
			defaultConfigurationName = Release;
		};
		A2F1181114707AC600689A7E /* Build configuration list for PBXNativeTarget "Vertigrow" */ = {
			isa = XCConfigurationList;
			buildConfigurations = (
				A2F1181214707AC600689A7E /* Debug */,
				A2F1181314707AC600689A7E /* Release */,
				E8659E95147569AE0021B36F /* Ad Hoc */,
			);
			defaultConfigurationIsVisible = 0;
			defaultConfigurationName = Release;
		};
/* End XCConfigurationList section */
	};
	rootObject = A2F117E714707AC500689A7E /* Project object */;
}
